// !$*UTF8*$!
{
	archiveVersion = 1;
	classes = {
	};
	objectVersion = 50;
	objects = {

/* Begin PBXBuildFile section */
		441614002289C36700985E65 /* AppDelegate.swift in Sources */ = {isa = PBXBuildFile; fileRef = 441613FF2289C36700985E65 /* AppDelegate.swift */; };
		441614022289C36700985E65 /* ViewController.swift in Sources */ = {isa = PBXBuildFile; fileRef = 441614012289C36700985E65 /* ViewController.swift */; };
		441614052289C36700985E65 /* Main.storyboard in Resources */ = {isa = PBXBuildFile; fileRef = 441614032289C36700985E65 /* Main.storyboard */; };
		441614082289C36700985E65 /* SpeedLimit.xcdatamodeld in Sources */ = {isa = PBXBuildFile; fileRef = 441614062289C36700985E65 /* SpeedLimit.xcdatamodeld */; };
		4416140A2289C36900985E65 /* Assets.xcassets in Resources */ = {isa = PBXBuildFile; fileRef = 441614092289C36900985E65 /* Assets.xcassets */; };
		4416140D2289C36900985E65 /* LaunchScreen.storyboard in Resources */ = {isa = PBXBuildFile; fileRef = 4416140B2289C36900985E65 /* LaunchScreen.storyboard */; };
		441614182289C36900985E65 /* SpeedLimitTests.swift in Sources */ = {isa = PBXBuildFile; fileRef = 441614172289C36900985E65 /* SpeedLimitTests.swift */; };
		441614232289C36900985E65 /* SpeedLimitUITests.swift in Sources */ = {isa = PBXBuildFile; fileRef = 441614222289C36900985E65 /* SpeedLimitUITests.swift */; };
/* End PBXBuildFile section */

/* Begin PBXContainerItemProxy section */
		441614142289C36900985E65 /* PBXContainerItemProxy */ = {
			isa = PBXContainerItemProxy;
			containerPortal = 441613F42289C36700985E65 /* Project object */;
			proxyType = 1;
			remoteGlobalIDString = 441613FB2289C36700985E65;
			remoteInfo = SpeedLimit;
		};
		4416141F2289C36900985E65 /* PBXContainerItemProxy */ = {
			isa = PBXContainerItemProxy;
			containerPortal = 441613F42289C36700985E65 /* Project object */;
			proxyType = 1;
			remoteGlobalIDString = 441613FB2289C36700985E65;
			remoteInfo = SpeedLimit;
		};
/* End PBXContainerItemProxy section */

/* Begin PBXFileReference section */
		441613FC2289C36700985E65 /* SpeedLimit.app */ = {isa = PBXFileReference; explicitFileType = wrapper.application; includeInIndex = 0; path = SpeedLimit.app; sourceTree = BUILT_PRODUCTS_DIR; };
		441613FF2289C36700985E65 /* AppDelegate.swift */ = {isa = PBXFileReference; lastKnownFileType = sourcecode.swift; path = AppDelegate.swift; sourceTree = "<group>"; };
		441614012289C36700985E65 /* ViewController.swift */ = {isa = PBXFileReference; lastKnownFileType = sourcecode.swift; path = ViewController.swift; sourceTree = "<group>"; };
		441614042289C36700985E65 /* Base */ = {isa = PBXFileReference; lastKnownFileType = file.storyboard; name = Base; path = Base.lproj/Main.storyboard; sourceTree = "<group>"; };
		441614072289C36700985E65 /* SpeedLimit.xcdatamodel */ = {isa = PBXFileReference; lastKnownFileType = wrapper.xcdatamodel; path = SpeedLimit.xcdatamodel; sourceTree = "<group>"; };
		441614092289C36900985E65 /* Assets.xcassets */ = {isa = PBXFileReference; lastKnownFileType = folder.assetcatalog; path = Assets.xcassets; sourceTree = "<group>"; };
		4416140C2289C36900985E65 /* Base */ = {isa = PBXFileReference; lastKnownFileType = file.storyboard; name = Base; path = Base.lproj/LaunchScreen.storyboard; sourceTree = "<group>"; };
		4416140E2289C36900985E65 /* Info.plist */ = {isa = PBXFileReference; lastKnownFileType = text.plist.xml; path = Info.plist; sourceTree = "<group>"; };
		441614132289C36900985E65 /* SpeedLimitTests.xctest */ = {isa = PBXFileReference; explicitFileType = wrapper.cfbundle; includeInIndex = 0; path = SpeedLimitTests.xctest; sourceTree = BUILT_PRODUCTS_DIR; };
		441614172289C36900985E65 /* SpeedLimitTests.swift */ = {isa = PBXFileReference; lastKnownFileType = sourcecode.swift; path = SpeedLimitTests.swift; sourceTree = "<group>"; };
		441614192289C36900985E65 /* Info.plist */ = {isa = PBXFileReference; lastKnownFileType = text.plist.xml; path = Info.plist; sourceTree = "<group>"; };
		4416141E2289C36900985E65 /* SpeedLimitUITests.xctest */ = {isa = PBXFileReference; explicitFileType = wrapper.cfbundle; includeInIndex = 0; path = SpeedLimitUITests.xctest; sourceTree = BUILT_PRODUCTS_DIR; };
		441614222289C36900985E65 /* SpeedLimitUITests.swift */ = {isa = PBXFileReference; lastKnownFileType = sourcecode.swift; path = SpeedLimitUITests.swift; sourceTree = "<group>"; };
		441614242289C36900985E65 /* Info.plist */ = {isa = PBXFileReference; lastKnownFileType = text.plist.xml; path = Info.plist; sourceTree = "<group>"; };
/* End PBXFileReference section */

/* Begin PBXFrameworksBuildPhase section */
		441613F92289C36700985E65 /* Frameworks */ = {
			isa = PBXFrameworksBuildPhase;
			buildActionMask = 2147483647;
			files = (
			);
			runOnlyForDeploymentPostprocessing = 0;
		};
		441614102289C36900985E65 /* Frameworks */ = {
			isa = PBXFrameworksBuildPhase;
			buildActionMask = 2147483647;
			files = (
			);
			runOnlyForDeploymentPostprocessing = 0;
		};
		4416141B2289C36900985E65 /* Frameworks */ = {
			isa = PBXFrameworksBuildPhase;
			buildActionMask = 2147483647;
			files = (
			);
			runOnlyForDeploymentPostprocessing = 0;
		};
/* End PBXFrameworksBuildPhase section */

/* Begin PBXGroup section */
		441613F32289C36700985E65 = {
			isa = PBXGroup;
			children = (
				441613FE2289C36700985E65 /* SpeedLimit */,
				441614162289C36900985E65 /* SpeedLimitTests */,
				441614212289C36900985E65 /* SpeedLimitUITests */,
				441613FD2289C36700985E65 /* Products */,
			);
			sourceTree = "<group>";
		};
		441613FD2289C36700985E65 /* Products */ = {
			isa = PBXGroup;
			children = (
				441613FC2289C36700985E65 /* SpeedLimit.app */,
				441614132289C36900985E65 /* SpeedLimitTests.xctest */,
				4416141E2289C36900985E65 /* SpeedLimitUITests.xctest */,
			);
			name = Products;
			sourceTree = "<group>";
		};
		441613FE2289C36700985E65 /* SpeedLimit */ = {
			isa = PBXGroup;
			children = (
				441613FF2289C36700985E65 /* AppDelegate.swift */,
				441614012289C36700985E65 /* ViewController.swift */,
				441614032289C36700985E65 /* Main.storyboard */,
				441614092289C36900985E65 /* Assets.xcassets */,
				4416140B2289C36900985E65 /* LaunchScreen.storyboard */,
				4416140E2289C36900985E65 /* Info.plist */,
				441614062289C36700985E65 /* SpeedLimit.xcdatamodeld */,
			);
			path = SpeedLimit;
			sourceTree = "<group>";
		};
		441614162289C36900985E65 /* SpeedLimitTests */ = {
			isa = PBXGroup;
			children = (
				441614172289C36900985E65 /* SpeedLimitTests.swift */,
				441614192289C36900985E65 /* Info.plist */,
			);
			path = SpeedLimitTests;
			sourceTree = "<group>";
		};
		441614212289C36900985E65 /* SpeedLimitUITests */ = {
			isa = PBXGroup;
			children = (
				441614222289C36900985E65 /* SpeedLimitUITests.swift */,
				441614242289C36900985E65 /* Info.plist */,
			);
			path = SpeedLimitUITests;
			sourceTree = "<group>";
		};
/* End PBXGroup section */

/* Begin PBXNativeTarget section */
		441613FB2289C36700985E65 /* SpeedLimit */ = {
			isa = PBXNativeTarget;
			buildConfigurationList = 441614272289C36900985E65 /* Build configuration list for PBXNativeTarget "SpeedLimit" */;
			buildPhases = (
				441613F82289C36700985E65 /* Sources */,
				441613F92289C36700985E65 /* Frameworks */,
				441613FA2289C36700985E65 /* Resources */,
			);
			buildRules = (
			);
			dependencies = (
			);
			name = SpeedLimit;
			productName = SpeedLimit;
			productReference = 441613FC2289C36700985E65 /* SpeedLimit.app */;
			productType = "com.apple.product-type.application";
		};
		441614122289C36900985E65 /* SpeedLimitTests */ = {
			isa = PBXNativeTarget;
			buildConfigurationList = 4416142A2289C36900985E65 /* Build configuration list for PBXNativeTarget "SpeedLimitTests" */;
			buildPhases = (
				4416140F2289C36900985E65 /* Sources */,
				441614102289C36900985E65 /* Frameworks */,
				441614112289C36900985E65 /* Resources */,
			);
			buildRules = (
			);
			dependencies = (
				441614152289C36900985E65 /* PBXTargetDependency */,
			);
			name = SpeedLimitTests;
			productName = SpeedLimitTests;
			productReference = 441614132289C36900985E65 /* SpeedLimitTests.xctest */;
			productType = "com.apple.product-type.bundle.unit-test";
		};
		4416141D2289C36900985E65 /* SpeedLimitUITests */ = {
			isa = PBXNativeTarget;
			buildConfigurationList = 4416142D2289C36900985E65 /* Build configuration list for PBXNativeTarget "SpeedLimitUITests" */;
			buildPhases = (
				4416141A2289C36900985E65 /* Sources */,
				4416141B2289C36900985E65 /* Frameworks */,
				4416141C2289C36900985E65 /* Resources */,
			);
			buildRules = (
			);
			dependencies = (
				441614202289C36900985E65 /* PBXTargetDependency */,
			);
			name = SpeedLimitUITests;
			productName = SpeedLimitUITests;
			productReference = 4416141E2289C36900985E65 /* SpeedLimitUITests.xctest */;
			productType = "com.apple.product-type.bundle.ui-testing";
		};
/* End PBXNativeTarget section */

/* Begin PBXProject section */
		441613F42289C36700985E65 /* Project object */ = {
			isa = PBXProject;
			attributes = {
				LastSwiftUpdateCheck = 1020;
				LastUpgradeCheck = 1020;
				ORGANIZATIONNAME = Haugh;
				TargetAttributes = {
					441613FB2289C36700985E65 = {
						CreatedOnToolsVersion = 10.2.1;
					};
					441614122289C36900985E65 = {
						CreatedOnToolsVersion = 10.2.1;
						TestTargetID = 441613FB2289C36700985E65;
					};
					4416141D2289C36900985E65 = {
						CreatedOnToolsVersion = 10.2.1;
						TestTargetID = 441613FB2289C36700985E65;
					};
				};
			};
			buildConfigurationList = 441613F72289C36700985E65 /* Build configuration list for PBXProject "SpeedLimit" */;
			compatibilityVersion = "Xcode 9.3";
			developmentRegion = en;
			hasScannedForEncodings = 0;
			knownRegions = (
				en,
				Base,
			);
			mainGroup = 441613F32289C36700985E65;
			productRefGroup = 441613FD2289C36700985E65 /* Products */;
			projectDirPath = "";
			projectRoot = "";
			targets = (
				441613FB2289C36700985E65 /* SpeedLimit */,
				441614122289C36900985E65 /* SpeedLimitTests */,
				4416141D2289C36900985E65 /* SpeedLimitUITests */,
			);
		};
/* End PBXProject section */

/* Begin PBXResourcesBuildPhase section */
		441613FA2289C36700985E65 /* Resources */ = {
			isa = PBXResourcesBuildPhase;
			buildActionMask = 2147483647;
			files = (
				4416140D2289C36900985E65 /* LaunchScreen.storyboard in Resources */,
				4416140A2289C36900985E65 /* Assets.xcassets in Resources */,
				441614052289C36700985E65 /* Main.storyboard in Resources */,
			);
			runOnlyForDeploymentPostprocessing = 0;
		};
		441614112289C36900985E65 /* Resources */ = {
			isa = PBXResourcesBuildPhase;
			buildActionMask = 2147483647;
			files = (
			);
			runOnlyForDeploymentPostprocessing = 0;
		};
		4416141C2289C36900985E65 /* Resources */ = {
			isa = PBXResourcesBuildPhase;
			buildActionMask = 2147483647;
			files = (
			);
			runOnlyForDeploymentPostprocessing = 0;
		};
/* End PBXResourcesBuildPhase section */

/* Begin PBXSourcesBuildPhase section */
		441613F82289C36700985E65 /* Sources */ = {
			isa = PBXSourcesBuildPhase;
			buildActionMask = 2147483647;
			files = (
				441614022289C36700985E65 /* ViewController.swift in Sources */,
				441614002289C36700985E65 /* AppDelegate.swift in Sources */,
				441614082289C36700985E65 /* SpeedLimit.xcdatamodeld in Sources */,
			);
			runOnlyForDeploymentPostprocessing = 0;
		};
		4416140F2289C36900985E65 /* Sources */ = {
			isa = PBXSourcesBuildPhase;
			buildActionMask = 2147483647;
			files = (
				441614182289C36900985E65 /* SpeedLimitTests.swift in Sources */,
			);
			runOnlyForDeploymentPostprocessing = 0;
		};
		4416141A2289C36900985E65 /* Sources */ = {
			isa = PBXSourcesBuildPhase;
			buildActionMask = 2147483647;
			files = (
				441614232289C36900985E65 /* SpeedLimitUITests.swift in Sources */,
			);
			runOnlyForDeploymentPostprocessing = 0;
		};
/* End PBXSourcesBuildPhase section */

/* Begin PBXTargetDependency section */
		441614152289C36900985E65 /* PBXTargetDependency */ = {
			isa = PBXTargetDependency;
			target = 441613FB2289C36700985E65 /* SpeedLimit */;
			targetProxy = 441614142289C36900985E65 /* PBXContainerItemProxy */;
		};
		441614202289C36900985E65 /* PBXTargetDependency */ = {
			isa = PBXTargetDependency;
			target = 441613FB2289C36700985E65 /* SpeedLimit */;
			targetProxy = 4416141F2289C36900985E65 /* PBXContainerItemProxy */;
		};
/* End PBXTargetDependency section */

/* Begin PBXVariantGroup section */
		441614032289C36700985E65 /* Main.storyboard */ = {
			isa = PBXVariantGroup;
			children = (
				441614042289C36700985E65 /* Base */,
			);
			name = Main.storyboard;
			sourceTree = "<group>";
		};
		4416140B2289C36900985E65 /* LaunchScreen.storyboard */ = {
			isa = PBXVariantGroup;
			children = (
				4416140C2289C36900985E65 /* Base */,
			);
			name = LaunchScreen.storyboard;
			sourceTree = "<group>";
		};
/* End PBXVariantGroup section */

/* Begin XCBuildConfiguration section */
		441614252289C36900985E65 /* Debug */ = {
			isa = XCBuildConfiguration;
			buildSettings = {
				ALWAYS_SEARCH_USER_PATHS = NO;
				CLANG_ANALYZER_NONNULL = YES;
				CLANG_ANALYZER_NUMBER_OBJECT_CONVERSION = YES_AGGRESSIVE;
				CLANG_CXX_LANGUAGE_STANDARD = "gnu++14";
				CLANG_CXX_LIBRARY = "libc++";
				CLANG_ENABLE_MODULES = YES;
				CLANG_ENABLE_OBJC_ARC = YES;
				CLANG_ENABLE_OBJC_WEAK = YES;
				CLANG_WARN_BLOCK_CAPTURE_AUTORELEASING = YES;
				CLANG_WARN_BOOL_CONVERSION = YES;
				CLANG_WARN_COMMA = YES;
				CLANG_WARN_CONSTANT_CONVERSION = YES;
				CLANG_WARN_DEPRECATED_OBJC_IMPLEMENTATIONS = YES;
				CLANG_WARN_DIRECT_OBJC_ISA_USAGE = YES_ERROR;
				CLANG_WARN_DOCUMENTATION_COMMENTS = YES;
				CLANG_WARN_EMPTY_BODY = YES;
				CLANG_WARN_ENUM_CONVERSION = YES;
				CLANG_WARN_INFINITE_RECURSION = YES;
				CLANG_WARN_INT_CONVERSION = YES;
				CLANG_WARN_NON_LITERAL_NULL_CONVERSION = YES;
				CLANG_WARN_OBJC_IMPLICIT_RETAIN_SELF = YES;
				CLANG_WARN_OBJC_LITERAL_CONVERSION = YES;
				CLANG_WARN_OBJC_ROOT_CLASS = YES_ERROR;
				CLANG_WARN_RANGE_LOOP_ANALYSIS = YES;
				CLANG_WARN_STRICT_PROTOTYPES = YES;
				CLANG_WARN_SUSPICIOUS_MOVE = YES;
				CLANG_WARN_UNGUARDED_AVAILABILITY = YES_AGGRESSIVE;
				CLANG_WARN_UNREACHABLE_CODE = YES;
				CLANG_WARN__DUPLICATE_METHOD_MATCH = YES;
				CODE_SIGN_IDENTITY = "iPhone Developer";
				COPY_PHASE_STRIP = NO;
				DEBUG_INFORMATION_FORMAT = dwarf;
				ENABLE_STRICT_OBJC_MSGSEND = YES;
				ENABLE_TESTABILITY = YES;
				GCC_C_LANGUAGE_STANDARD = gnu11;
				GCC_DYNAMIC_NO_PIC = NO;
				GCC_NO_COMMON_BLOCKS = YES;
				GCC_OPTIMIZATION_LEVEL = 0;
				GCC_PREPROCESSOR_DEFINITIONS = (
					"DEBUG=1",
					"$(inherited)",
				);
				GCC_WARN_64_TO_32_BIT_CONVERSION = YES;
				GCC_WARN_ABOUT_RETURN_TYPE = YES_ERROR;
				GCC_WARN_UNDECLARED_SELECTOR = YES;
				GCC_WARN_UNINITIALIZED_AUTOS = YES_AGGRESSIVE;
				GCC_WARN_UNUSED_FUNCTION = YES;
				GCC_WARN_UNUSED_VARIABLE = YES;
				IPHONEOS_DEPLOYMENT_TARGET = 12.2;
				MTL_ENABLE_DEBUG_INFO = INCLUDE_SOURCE;
				MTL_FAST_MATH = YES;
				ONLY_ACTIVE_ARCH = YES;
				SDKROOT = iphoneos;
				SWIFT_ACTIVE_COMPILATION_CONDITIONS = DEBUG;
				SWIFT_OPTIMIZATION_LEVEL = "-Onone";
			};
			name = Debug;
		};
		441614262289C36900985E65 /* Release */ = {
			isa = XCBuildConfiguration;
			buildSettings = {
				ALWAYS_SEARCH_USER_PATHS = NO;
				CLANG_ANALYZER_NONNULL = YES;
				CLANG_ANALYZER_NUMBER_OBJECT_CONVERSION = YES_AGGRESSIVE;
				CLANG_CXX_LANGUAGE_STANDARD = "gnu++14";
				CLANG_CXX_LIBRARY = "libc++";
				CLANG_ENABLE_MODULES = YES;
				CLANG_ENABLE_OBJC_ARC = YES;
				CLANG_ENABLE_OBJC_WEAK = YES;
				CLANG_WARN_BLOCK_CAPTURE_AUTORELEASING = YES;
				CLANG_WARN_BOOL_CONVERSION = YES;
				CLANG_WARN_COMMA = YES;
				CLANG_WARN_CONSTANT_CONVERSION = YES;
				CLANG_WARN_DEPRECATED_OBJC_IMPLEMENTATIONS = YES;
				CLANG_WARN_DIRECT_OBJC_ISA_USAGE = YES_ERROR;
				CLANG_WARN_DOCUMENTATION_COMMENTS = YES;
				CLANG_WARN_EMPTY_BODY = YES;
				CLANG_WARN_ENUM_CONVERSION = YES;
				CLANG_WARN_INFINITE_RECURSION = YES;
				CLANG_WARN_INT_CONVERSION = YES;
				CLANG_WARN_NON_LITERAL_NULL_CONVERSION = YES;
				CLANG_WARN_OBJC_IMPLICIT_RETAIN_SELF = YES;
				CLANG_WARN_OBJC_LITERAL_CONVERSION = YES;
				CLANG_WARN_OBJC_ROOT_CLASS = YES_ERROR;
				CLANG_WARN_RANGE_LOOP_ANALYSIS = YES;
				CLANG_WARN_STRICT_PROTOTYPES = YES;
				CLANG_WARN_SUSPICIOUS_MOVE = YES;
				CLANG_WARN_UNGUARDED_AVAILABILITY = YES_AGGRESSIVE;
				CLANG_WARN_UNREACHABLE_CODE = YES;
				CLANG_WARN__DUPLICATE_METHOD_MATCH = YES;
				CODE_SIGN_IDENTITY = "iPhone Developer";
				COPY_PHASE_STRIP = NO;
				DEBUG_INFORMATION_FORMAT = "dwarf-with-dsym";
				ENABLE_NS_ASSERTIONS = NO;
				ENABLE_STRICT_OBJC_MSGSEND = YES;
				GCC_C_LANGUAGE_STANDARD = gnu11;
				GCC_NO_COMMON_BLOCKS = YES;
				GCC_WARN_64_TO_32_BIT_CONVERSION = YES;
				GCC_WARN_ABOUT_RETURN_TYPE = YES_ERROR;
				GCC_WARN_UNDECLARED_SELECTOR = YES;
				GCC_WARN_UNINITIALIZED_AUTOS = YES_AGGRESSIVE;
				GCC_WARN_UNUSED_FUNCTION = YES;
				GCC_WARN_UNUSED_VARIABLE = YES;
				IPHONEOS_DEPLOYMENT_TARGET = 12.2;
				MTL_ENABLE_DEBUG_INFO = NO;
				MTL_FAST_MATH = YES;
				SDKROOT = iphoneos;
				SWIFT_COMPILATION_MODE = wholemodule;
				SWIFT_OPTIMIZATION_LEVEL = "-O";
				VALIDATE_PRODUCT = YES;
			};
			name = Release;
		};
		441614282289C36900985E65 /* Debug */ = {
			isa = XCBuildConfiguration;
			buildSettings = {
				ASSETCATALOG_COMPILER_APPICON_NAME = AppIcon;
				CODE_SIGN_STYLE = Automatic;
				DEVELOPMENT_TEAM = U4LMXXU5FQ;
				INFOPLIST_FILE = SpeedLimit/Info.plist;
				LD_RUNPATH_SEARCH_PATHS = (
					"$(inherited)",
					"@executable_path/Frameworks",
				);
				PRODUCT_BUNDLE_IDENTIFIER = HAUGH.SpeedLimit;
				PRODUCT_NAME = "$(TARGET_NAME)";
				SWIFT_VERSION = 5.0;
				TARGETED_DEVICE_FAMILY = "1,2";
			};
			name = Debug;
		};
		441614292289C36900985E65 /* Release */ = {
			isa = XCBuildConfiguration;
			buildSettings = {
				ASSETCATALOG_COMPILER_APPICON_NAME = AppIcon;
				CODE_SIGN_STYLE = Automatic;
				DEVELOPMENT_TEAM = U4LMXXU5FQ;
				INFOPLIST_FILE = SpeedLimit/Info.plist;
				LD_RUNPATH_SEARCH_PATHS = (
					"$(inherited)",
					"@executable_path/Frameworks",
				);
				PRODUCT_BUNDLE_IDENTIFIER = HAUGH.SpeedLimit;
				PRODUCT_NAME = "$(TARGET_NAME)";
				SWIFT_VERSION = 5.0;
				TARGETED_DEVICE_FAMILY = "1,2";
			};
			name = Release;
		};
		4416142B2289C36900985E65 /* Debug */ = {
			isa = XCBuildConfiguration;
			buildSettings = {
				ALWAYS_EMBED_SWIFT_STANDARD_LIBRARIES = YES;
				BUNDLE_LOADER = "$(TEST_HOST)";
				CODE_SIGN_STYLE = Automatic;
				DEVELOPMENT_TEAM = U4LMXXU5FQ;
				INFOPLIST_FILE = SpeedLimitTests/Info.plist;
				LD_RUNPATH_SEARCH_PATHS = (
					"$(inherited)",
					"@executable_path/Frameworks",
					"@loader_path/Frameworks",
				);
				PRODUCT_BUNDLE_IDENTIFIER = HAUGH.SpeedLimitTests;
				PRODUCT_NAME = "$(TARGET_NAME)";
				SWIFT_VERSION = 5.0;
				TARGETED_DEVICE_FAMILY = "1,2";
				TEST_HOST = "$(BUILT_PRODUCTS_DIR)/SpeedLimit.app/SpeedLimit";
			};
			name = Debug;
		};
		4416142C2289C36900985E65 /* Release */ = {
			isa = XCBuildConfiguration;
			buildSettings = {
				ALWAYS_EMBED_SWIFT_STANDARD_LIBRARIES = YES;
				BUNDLE_LOADER = "$(TEST_HOST)";
				CODE_SIGN_STYLE = Automatic;
				DEVELOPMENT_TEAM = U4LMXXU5FQ;
				INFOPLIST_FILE = SpeedLimitTests/Info.plist;
				LD_RUNPATH_SEARCH_PATHS = (
					"$(inherited)",
					"@executable_path/Frameworks",
					"@loader_path/Frameworks",
				);
				PRODUCT_BUNDLE_IDENTIFIER = HAUGH.SpeedLimitTests;
				PRODUCT_NAME = "$(TARGET_NAME)";
				SWIFT_VERSION = 5.0;
				TARGETED_DEVICE_FAMILY = "1,2";
				TEST_HOST = "$(BUILT_PRODUCTS_DIR)/SpeedLimit.app/SpeedLimit";
			};
			name = Release;
		};
		4416142E2289C36900985E65 /* Debug */ = {
			isa = XCBuildConfiguration;
			buildSettings = {
				ALWAYS_EMBED_SWIFT_STANDARD_LIBRARIES = YES;
				CODE_SIGN_STYLE = Automatic;
				DEVELOPMENT_TEAM = U4LMXXU5FQ;
				INFOPLIST_FILE = SpeedLimitUITests/Info.plist;
				LD_RUNPATH_SEARCH_PATHS = (
					"$(inherited)",
					"@executable_path/Frameworks",
					"@loader_path/Frameworks",
				);
				PRODUCT_BUNDLE_IDENTIFIER = HAUGH.SpeedLimitUITests;
				PRODUCT_NAME = "$(TARGET_NAME)";
				SWIFT_VERSION = 5.0;
				TARGETED_DEVICE_FAMILY = "1,2";
				TEST_TARGET_NAME = SpeedLimit;
			};
			name = Debug;
		};
		4416142F2289C36900985E65 /* Release */ = {
			isa = XCBuildConfiguration;
			buildSettings = {
				ALWAYS_EMBED_SWIFT_STANDARD_LIBRARIES = YES;
				CODE_SIGN_STYLE = Automatic;
				DEVELOPMENT_TEAM = U4LMXXU5FQ;
				INFOPLIST_FILE = SpeedLimitUITests/Info.plist;
				LD_RUNPATH_SEARCH_PATHS = (
					"$(inherited)",
					"@executable_path/Frameworks",
					"@loader_path/Frameworks",
				);
				PRODUCT_BUNDLE_IDENTIFIER = HAUGH.SpeedLimitUITests;
				PRODUCT_NAME = "$(TARGET_NAME)";
				SWIFT_VERSION = 5.0;
				TARGETED_DEVICE_FAMILY = "1,2";
				TEST_TARGET_NAME = SpeedLimit;
			};
			name = Release;
		};
/* End XCBuildConfiguration section */

/* Begin XCConfigurationList section */
		441613F72289C36700985E65 /* Build configuration list for PBXProject "SpeedLimit" */ = {
			isa = XCConfigurationList;
			buildConfigurations = (
				441614252289C36900985E65 /* Debug */,
				441614262289C36900985E65 /* Release */,
			);
			defaultConfigurationIsVisible = 0;
			defaultConfigurationName = Release;
		};
		441614272289C36900985E65 /* Build configuration list for PBXNativeTarget "SpeedLimit" */ = {
			isa = XCConfigurationList;
			buildConfigurations = (
				441614282289C36900985E65 /* Debug */,
				441614292289C36900985E65 /* Release */,
			);
			defaultConfigurationIsVisible = 0;
			defaultConfigurationName = Release;
		};
		4416142A2289C36900985E65 /* Build configuration list for PBXNativeTarget "SpeedLimitTests" */ = {
			isa = XCConfigurationList;
			buildConfigurations = (
				4416142B2289C36900985E65 /* Debug */,
				4416142C2289C36900985E65 /* Release */,
			);
			defaultConfigurationIsVisible = 0;
			defaultConfigurationName = Release;
		};
		4416142D2289C36900985E65 /* Build configuration list for PBXNativeTarget "SpeedLimitUITests" */ = {
			isa = XCConfigurationList;
			buildConfigurations = (
				4416142E2289C36900985E65 /* Debug */,
				4416142F2289C36900985E65 /* Release */,
			);
			defaultConfigurationIsVisible = 0;
			defaultConfigurationName = Release;
		};
/* End XCConfigurationList section */

/* Begin XCVersionGroup section */
		441614062289C36700985E65 /* SpeedLimit.xcdatamodeld */ = {
			isa = XCVersionGroup;
			children = (
				441614072289C36700985E65 /* SpeedLimit.xcdatamodel */,
			);
			currentVersion = 441614072289C36700985E65 /* SpeedLimit.xcdatamodel */;
			path = SpeedLimit.xcdatamodeld;
			sourceTree = "<group>";
			versionGroupType = wrapper.xcdatamodel;
		};
/* End XCVersionGroup section */
	};
	rootObject = 441613F42289C36700985E65 /* Project object */;
}
